{
  "nodes": {
    "nixpkgs": {
      "locked": {
        "lastModified": 1720647150,
        "narHash": "sha256-SzZjMS1ISYtwdSGOe/SRXeSbcX+3c6Vgz5pUGWw9INY=",
        "owner": "nixos",
        "repo": "nixpkgs",
        "rev": "6cac901ebbfac75fa0abef7a14667661718cd118",
        "type": "github"
      },
      "original": {
        "owner": "nixos",
        "ref": "master",
        "repo": "nixpkgs",
        "type": "github"
      }
    },
    "root": {
      "inputs": {
        "nixpkgs": "nixpkgs"
      }
    }
  },
  "root": "root",
  "version": 7
}
